
Microsoft Visual Studio Solution File, Format Version 12.00
# Visual Studio Version 16
VisualStudioVersion = 25.0.1706.12
MinimumVisualStudioVersion = 10.0.40219.1
Project("{FAE04EC0-301F-11D3-BF4B-00C04F79EFBC}") = "HWLINQ2", "HWLINQ2\HWLINQ2.csproj", "{0BE2BE36-5A22-4689-A84A-DA8BACDE5415}"
EndProject
Global
	GlobalSection(SolutionConfigurationPlatforms) = preSolution
		Debug|Any CPU = Debug|Any CPU
		Release|Any CPU = Release|Any CPU
	EndGlobalSection
	GlobalSection(ProjectConfigurationPlatforms) = postSolution
		{0BE2BE36-5A22-4689-A84A-DA8BACDE5415}.Debug|Any CPU.ActiveCfg = Debug|Any CPU
		{0BE2BE36-5A22-4689-A84A-DA8BACDE5415}.Debug|Any CPU.Build.0 = Debug|Any CPU
		{0BE2BE36-5A22-4689-A84A-DA8BACDE5415}.Release|Any CPU.ActiveCfg = Release|Any CPU
		{0BE2BE36-5A22-4689-A84A-DA8BACDE5415}.Release|Any CPU.Build.0 = Release|Any CPU
	EndGlobalSection
	GlobalSection(SolutionProperties) = preSolution
		HideSolutionNode = FALSE
	EndGlobalSection
	GlobalSection(ExtensibilityGlobals) = postSolution
		SolutionGuid = {01C12057-BDDB-40B9-BA5F-D69F51441B46}
	EndGlobalSection
EndGlobal
